
Microsoft Visual Studio Solution File, Format Version 12.00
# Visual Studio Version 16
VisualStudioVersion = 16.0.31515.178
MinimumVisualStudioVersion = 10.0.40219.1
Project("{FAE04EC0-301F-11D3-BF4B-00C04F79EFBC}") = "MyFirstConsoleAPP", "MyFirstConsoleAPP.csproj", "{685C2C1B-15A5-4E01-A6FF-04F0B7F0A80F}"
EndProject
Global
	GlobalSection(SolutionConfigurationPlatforms) = preSolution
		Debug|Any CPU = Debug|Any CPU
		Release|Any CPU = Release|Any CPU
	EndGlobalSection
	GlobalSection(ProjectConfigurationPlatforms) = postSolution
		{685C2C1B-15A5-4E01-A6FF-04F0B7F0A80F}.Debug|Any CPU.ActiveCfg = Debug|Any CPU
		{685C2C1B-15A5-4E01-A6FF-04F0B7F0A80F}.Debug|Any CPU.Build.0 = Debug|Any CPU
		{685C2C1B-15A5-4E01-A6FF-04F0B7F0A80F}.Release|Any CPU.ActiveCfg = Release|Any CPU
		{685C2C1B-15A5-4E01-A6FF-04F0B7F0A80F}.Release|Any CPU.Build.0 = Release|Any CPU
	EndGlobalSection
	GlobalSection(SolutionProperties) = preSolution
		HideSolutionNode = FALSE
	EndGlobalSection
	GlobalSection(ExtensibilityGlobals) = postSolution
		SolutionGuid = {09C56CBA-3E69-4D40-8629-BD9F776D2DCE}
	EndGlobalSection
EndGlobal
