
Microsoft Visual Studio Solution File, Format Version 12.00
# Visual Studio Version 16
VisualStudioVersion = 16.0.31515.178
MinimumVisualStudioVersion = 10.0.40219.1
Project("{FAE04EC0-301F-11D3-BF4B-00C04F79EFBC}") = "ClassesAndObjects", "ClassesAndObjects\ClassesAndObjects.csproj", "{1DBA87A1-DE47-4A6C-8DF6-58DD0001367F}"
EndProject
Global
	GlobalSection(SolutionConfigurationPlatforms) = preSolution
		Debug|Any CPU = Debug|Any CPU
		Release|Any CPU = Release|Any CPU
	EndGlobalSection
	GlobalSection(ProjectConfigurationPlatforms) = postSolution
		{1DBA87A1-DE47-4A6C-8DF6-58DD0001367F}.Debug|Any CPU.ActiveCfg = Debug|Any CPU
		{1DBA87A1-DE47-4A6C-8DF6-58DD0001367F}.Debug|Any CPU.Build.0 = Debug|Any CPU
		{1DBA87A1-DE47-4A6C-8DF6-58DD0001367F}.Release|Any CPU.ActiveCfg = Release|Any CPU
		{1DBA87A1-DE47-4A6C-8DF6-58DD0001367F}.Release|Any CPU.Build.0 = Release|Any CPU
	EndGlobalSection
	GlobalSection(SolutionProperties) = preSolution
		HideSolutionNode = FALSE
	EndGlobalSection
	GlobalSection(ExtensibilityGlobals) = postSolution
		SolutionGuid = {064C52D7-7167-4BAF-947F-BF6DAE53D6B1}
	EndGlobalSection
EndGlobal
